
Microsoft Visual Studio Solution File, Format Version 12.00
# Visual Studio Version 16
VisualStudioVersion = 16.0.29209.152
MinimumVisualStudioVersion = 10.0.40219.1
Project("{9A19103F-16F7-4668-BE54-9A1E7A4F7556}") = "getGoogleAnalyticsAccessToken", "getToken1\getGoogleAnalyticsAccessToken.csproj", "{75D515A4-75A1-4D95-A529-0828A8D41D7A}"
EndProject
Global
	GlobalSection(SolutionConfigurationPlatforms) = preSolution
		Debug|Any CPU = Debug|Any CPU
		Release|Any CPU = Release|Any CPU
	EndGlobalSection
	GlobalSection(ProjectConfigurationPlatforms) = postSolution
		{75D515A4-75A1-4D95-A529-0828A8D41D7A}.Debug|Any CPU.ActiveCfg = Debug|Any CPU
		{75D515A4-75A1-4D95-A529-0828A8D41D7A}.Debug|Any CPU.Build.0 = Debug|Any CPU
		{75D515A4-75A1-4D95-A529-0828A8D41D7A}.Release|Any CPU.ActiveCfg = Release|Any CPU
		{75D515A4-75A1-4D95-A529-0828A8D41D7A}.Release|Any CPU.Build.0 = Release|Any CPU
	EndGlobalSection
	GlobalSection(SolutionProperties) = preSolution
		HideSolutionNode = FALSE
	EndGlobalSection
	GlobalSection(ExtensibilityGlobals) = postSolution
		SolutionGuid = {97C6872C-1B30-4645-86AC-C9178C9F58DC}
	EndGlobalSection
EndGlobal
